{
    "_meta": {
        "hash": {
            "sha256": "2d81e196b0c2dcc87fdaca323de1e23265c0b093cc8c1f8699ef0850bf79f9e6"
        },
        "pipfile-spec": 6,
        "requires": {
            "python_version": "3.7"
        },
        "sources": [
            {
                "name": "pypi",
                "url": "https://pypi.org/simple",
                "verify_ssl": true
            }
        ]
    },
    "default": {
        "aiofiles": {
            "hashes": [
                "sha256:a1c4fc9b2ff81568c83e21392a82f344ea9d23da906e4f6a52662764545e19d4",
                "sha256:c67a6823b5f23fcab0a2595a289cec7d8c863ffcb4322fb8cd6b90400aedfdbc"
            ],
            "index": "pypi",
            "version": "==0.7.0"
        },
        "aiohttp": {
            "hashes": [
                "sha256:09754a0d5eaab66c37591f2f8fac8f9781a5f61d51aa852a3261c4805ca6b984",
                "sha256:097ecf52f6b9859b025c1e36401f8aa4573552e887d1b91b4b999d68d0b5a3b3",
                "sha256:0a96473a1f61d7920a9099bc8e729dc8282539d25f79c12573ee0fdb9c8b66a8",
                "sha256:0af379221975054162959e00daf21159ff69a712fc42ed0052caddbd70d52ff4",
                "sha256:0d7b056fd3972d353cb4bc305c03f9381583766b7f8c7f1c44478dba69099e33",
                "sha256:14a6f026eca80dfa3d52e86be89feb5cd878f6f4a6adb34457e2c689fd85229b",
                "sha256:15a660d06092b7c92ed17c1dbe6c1eab0a02963992d60e3e8b9d5fa7fa81f01e",
                "sha256:1fa9f50aa1f114249b7963c98e20dc35c51be64096a85bc92433185f331de9cc",
                "sha256:257f4fad1714d26d562572095c8c5cd271d5a333252795cb7a002dca41fdbad7",
                "sha256:28369fe331a59d80393ec82df3d43307c7461bfaf9217999e33e2acc7984ff7c",
                "sha256:2bdd655732e38b40f8a8344d330cfae3c727fb257585df923316aabbd489ccb8",
                "sha256:2f44d1b1c740a9e2275160d77c73a11f61e8a916191c572876baa7b282bcc934",
                "sha256:3ba08a71caa42eef64357257878fb17f3fba3fba6e81a51d170e32321569e079",
                "sha256:3c5e9981e449d54308c6824f172ec8ab63eb9c5f922920970249efee83f7e919",
                "sha256:3f58aa995b905ab82fe228acd38538e7dc1509e01508dcf307dad5046399130f",
                "sha256:48c996eb91bfbdab1e01e2c02e7ff678c51e2b28e3a04e26e41691991cc55795",
                "sha256:48f218a5257b6bc16bcf26a91d97ecea0c7d29c811a90d965f3dd97c20f016d6",
                "sha256:4a6551057a846bf72c7a04f73de3fcaca269c0bd85afe475ceb59d261c6a938c",
                "sha256:51f90dabd9933b1621260b32c2f0d05d36923c7a5a909eb823e429dba0fd2f3e",
                "sha256:577cc2c7b807b174814dac2d02e673728f2e46c7f90ceda3a70ea4bb6d90b769",
                "sha256:5d79174d96446a02664e2bffc95e7b6fa93b9e6d8314536c5840dff130d0878b",
                "sha256:5e3f81fbbc170418e22918a9585fd7281bbc11d027064d62aa4b507552c92671",
                "sha256:5ecffdc748d3b40dd3618ede0170e4f5e1d3c9647cfb410d235d19e62cb54ee0",
                "sha256:63fa57a0708573d3c059f7b5527617bd0c291e4559298473df238d502e4ab98c",
                "sha256:67ca7032dfac8d001023fadafc812d9f48bf8a8c3bb15412d9cdcf92267593f4",
                "sha256:688a1eb8c1a5f7e795c7cb67e0fe600194e6723ba35f138dfae0db20c0cb8f94",
                "sha256:6a038cb1e6e55b26bb5520ccffab7f539b3786f5553af2ee47eb2ec5cbd7084e",
                "sha256:6b79f6c31e68b6dafc0317ec453c83c86dd8db1f8f0c6f28e97186563fca87a0",
                "sha256:6d3e027fe291b77f6be9630114a0200b2c52004ef20b94dc50ca59849cd623b3",
                "sha256:6f1d39a744101bf4043fa0926b3ead616607578192d0a169974fb5265ab1e9d2",
                "sha256:707adc30ea6918fba725c3cb3fe782d271ba352b22d7ae54a7f9f2e8a8488c41",
                "sha256:730b7c2b7382194d9985ffdc32ab317e893bca21e0665cb1186bdfbb4089d990",
                "sha256:764c7c6aa1f78bd77bd9674fc07d1ec44654da1818d0eef9fb48aa8371a3c847",
                "sha256:78d51e35ed163783d721b6f2ce8ce3f82fccfe471e8e50a10fba13a766d31f5a",
                "sha256:7a315ceb813208ef32bdd6ec3a85cbe3cb3be9bbda5fd030c234592fa9116993",
                "sha256:7ba09bb3dcb0b7ec936a485db2b64be44fe14cdce0a5eac56f50e55da3627385",
                "sha256:7d76e8a83396e06abe3df569b25bd3fc88bf78b7baa2c8e4cf4aaf5983af66a3",
                "sha256:84fe1732648c1bc303a70faa67cbc2f7f2e810c8a5bca94f6db7818e722e4c0a",
                "sha256:871d4fdc56288caa58b1094c20f2364215f7400411f76783ea19ad13be7c8e19",
                "sha256:88d4917c30fcd7f6404fb1dc713fa21de59d3063dcc048f4a8a1a90e6bbbd739",
                "sha256:8a50150419b741ee048b53146c39c47053f060cb9d98e78be08fdbe942eaa3c4",
                "sha256:90a97c2ed2830e7974cbe45f0838de0aefc1c123313f7c402e21c29ec063fbb4",
                "sha256:949a605ef3907254b122f845baa0920407080cdb1f73aa64f8d47df4a7f4c4f9",
                "sha256:9689af0f0a89e5032426c143fa3683b0451f06c83bf3b1e27902bd33acfae769",
                "sha256:98b1ea2763b33559dd9ec621d67fc17b583484cb90735bfb0ec3614c17b210e4",
                "sha256:9951c2696c4357703001e1fe6edc6ae8e97553ac630492ea1bf64b429cb712a3",
                "sha256:9a52b141ff3b923a9166595de6e3768a027546e75052ffba267d95b54267f4ab",
                "sha256:9e8723c3256641e141cd18f6ce478d54a004138b9f1a36e41083b36d9ecc5fc5",
                "sha256:a2fee4d656a7cc9ab47771b2a9e8fad8a9a33331c1b59c3057ecf0ac858f5bfe",
                "sha256:a4759e85a191de58e0ea468ab6fd9c03941986eee436e0518d7a9291fab122c8",
                "sha256:a5399a44a529083951b55521cf4ecbf6ad79fd54b9df57dbf01699ffa0549fc9",
                "sha256:a6074a3b2fa2d0c9bf0963f8dfc85e1e54a26114cc8594126bc52d3fa061c40e",
                "sha256:a84c335337b676d832c1e2bc47c3a97531b46b82de9f959dafb315cbcbe0dfcd",
                "sha256:adf0cb251b1b842c9dee5cfcdf880ba0aae32e841b8d0e6b6feeaef002a267c5",
                "sha256:b76669b7c058b8020b11008283c3b8e9c61bfd978807c45862956119b77ece45",
                "sha256:bda75d73e7400e81077b0910c9a60bf9771f715420d7e35fa7739ae95555f195",
                "sha256:be03a7483ad9ea60388f930160bb3728467dd0af538aa5edc60962ee700a0bdc",
                "sha256:c62d4791a8212c885b97a63ef5f3974b2cd41930f0cd224ada9c6ee6654f8150",
                "sha256:cb751ef712570d3bda9a73fd765ff3e1aba943ec5d52a54a0c2e89c7eef9da1e",
                "sha256:d3b19d8d183bcfd68b25beebab8dc3308282fe2ca3d6ea3cb4cd101b3c279f8d",
                "sha256:d3f90ee275b1d7c942e65b5c44c8fb52d55502a0b9a679837d71be2bd8927661",
                "sha256:d5f8c04574efa814a24510122810e3a3c77c0552f9f6ff65c9862f1f046be2c3",
                "sha256:d6a1a66bb8bac9bc2892c2674ea363486bfb748b86504966a390345a11b1680e",
                "sha256:d7715daf84f10bcebc083ad137e3eced3e1c8e7fa1f096ade9a8d02b08f0d91c",
                "sha256:dafc01a32b4a1d7d3ef8bfd3699406bb44f7b2e0d3eb8906d574846e1019b12f",
                "sha256:dcc4d5dd5fba3affaf4fd08f00ef156407573de8c63338787614ccc64f96b321",
                "sha256:de42f513ed7a997bc821bddab356b72e55e8396b1b7ba1bf39926d538a76a90f",
                "sha256:e27cde1e8d17b09730801ce97b6e0c444ba2a1f06348b169fd931b51d3402f0d",
                "sha256:ecb314e59bedb77188017f26e6b684b1f6d0465e724c3122a726359fa62ca1ba",
                "sha256:f348ebd20554e8bc26e8ef3ed8a134110c0f4bf015b3b4da6a4ddf34e0515b19",
                "sha256:fa818609357dde5c4a94a64c097c6404ad996b1d38ca977a72834b682830a722",
                "sha256:fe4a327da0c6b6e59f2e474ae79d6ee7745ac3279fd15f200044602fa31e3d79"
            ],
            "index": "pypi",
            "version": "==3.8.0"
        },
        "aiosignal": {
            "hashes": [
                "sha256:26e62109036cd181df6e6ad646f91f0dcfd05fe16d0cb924138ff2ab75d64e3a",
                "sha256:78ed67db6c7b7ced4f98e495e572106d5c432a93e1ddd1bf475e1dc05f5b7df2"
            ],
            "markers": "python_version >= '3.6'",
            "version": "==1.2.0"
        },
        "async-timeout": {
            "hashes": [
                "sha256:2163e1640ddb52b7a8c80d0a67a08587e5d245cc9c553a74a847056bc2976b15",
                "sha256:8ca1e4fcf50d07413d66d1a5e416e42cfdf5851c981d679a09851a6853383b3c"
            ],
            "markers": "python_version >= '3.6'",
            "version": "==4.0.2"
        },
        "asynctest": {
            "hashes": [
                "sha256:5da6118a7e6d6b54d83a8f7197769d046922a44d2a99c21382f0a6e4fadae676",
                "sha256:c27862842d15d83e6a34eb0b2866c323880eb3a75e4485b079ea11748fd77fac"
            ],
            "markers": "python_version < '3.8'",
            "version": "==0.13.0"
        },
        "attrs": {
            "hashes": [
                "sha256:149e90d6d8ac20db7a955ad60cf0e6881a3f20d37096140088356da6c716b0b1",
                "sha256:ef6aaac3ca6cd92904cdd0d83f629a15f18053ec84e6432106f7a4d04ae4f5fb"
            ],
            "index": "pypi",
            "version": "==21.2.0"
        },
        "bikeshed": {
            "editable": true,
            "path": "."
        },
        "certifi": {
            "hashes": [
                "sha256:78884e7c1d4b00ce3cea67b44566851c4343c120abd683433ce934a68ea58872",
                "sha256:d62a0163eb4c2344ac042ab2bdf75399a71a2d8c7d47eac2e2ee91b9d6339569"
            ],
            "index": "pypi",
            "version": "==2021.10.8"
        },
        "charset-normalizer": {
            "hashes": [
                "sha256:2842d8f5e82a1f6aa437380934d5e1cd4fcf2003b06fed6940769c164a480a45",
                "sha256:98398a9d69ee80548c762ba991a4728bfc3836768ed226b3945908d1a688371c"
            ],
            "markers": "python_version >= '3'",
            "version": "==2.0.11"
        },
        "cssselect": {
            "hashes": [
                "sha256:f612ee47b749c877ebae5bb77035d8f4202c6ad0f0fc1271b3c18ad6c4468ecf",
                "sha256:f95f8dedd925fd8f54edb3d2dfb44c190d9d18512377d3c1e2388d16126879bc"
            ],
            "index": "pypi",
            "version": "==1.1.0"
        },
        "frozenlist": {
            "hashes": [
                "sha256:006d3595e7d4108a12025ddf415ae0f6c9e736e726a5db0183326fd191b14c5e",
                "sha256:01a73627448b1f2145bddb6e6c2259988bb8aee0fb361776ff8604b99616cd08",
                "sha256:03a7dd1bfce30216a3f51a84e6dd0e4a573d23ca50f0346634916ff105ba6e6b",
                "sha256:0437fe763fb5d4adad1756050cbf855bbb2bf0d9385c7bb13d7a10b0dd550486",
                "sha256:04cb491c4b1c051734d41ea2552fde292f5f3a9c911363f74f39c23659c4af78",
                "sha256:0c36e78b9509e97042ef869c0e1e6ef6429e55817c12d78245eb915e1cca7468",
                "sha256:25af28b560e0c76fa41f550eacb389905633e7ac02d6eb3c09017fa1c8cdfde1",
                "sha256:2fdc3cd845e5a1f71a0c3518528bfdbfe2efaf9886d6f49eacc5ee4fd9a10953",
                "sha256:30530930410855c451bea83f7b272fb1c495ed9d5cc72895ac29e91279401db3",
                "sha256:31977f84828b5bb856ca1eb07bf7e3a34f33a5cddce981d880240ba06639b94d",
                "sha256:3c62964192a1c0c30b49f403495911298810bada64e4f03249ca35a33ca0417a",
                "sha256:3f7c935c7b58b0d78c0beea0c7358e165f95f1fd8a7e98baa40d22a05b4a8141",
                "sha256:40dff8962b8eba91fd3848d857203f0bd704b5f1fa2b3fc9af64901a190bba08",
                "sha256:40ec383bc194accba825fbb7d0ef3dda5736ceab2375462f1d8672d9f6b68d07",
                "sha256:436496321dad302b8b27ca955364a439ed1f0999311c393dccb243e451ff66aa",
                "sha256:4406cfabef8f07b3b3af0f50f70938ec06d9f0fc26cbdeaab431cbc3ca3caeaa",
                "sha256:45334234ec30fc4ea677f43171b18a27505bfb2dba9aca4398a62692c0ea8868",
                "sha256:47be22dc27ed933d55ee55845d34a3e4e9f6fee93039e7f8ebadb0c2f60d403f",
                "sha256:4a44ebbf601d7bac77976d429e9bdb5a4614f9f4027777f9e54fd765196e9d3b",
                "sha256:4eda49bea3602812518765810af732229b4291d2695ed24a0a20e098c45a707b",
                "sha256:57f4d3f03a18facacb2a6bcd21bccd011e3b75d463dc49f838fd699d074fabd1",
                "sha256:603b9091bd70fae7be28bdb8aa5c9990f4241aa33abb673390a7f7329296695f",
                "sha256:65bc6e2fece04e2145ab6e3c47428d1bbc05aede61ae365b2c1bddd94906e478",
                "sha256:691ddf6dc50480ce49f68441f1d16a4c3325887453837036e0fb94736eae1e58",
                "sha256:6983a31698490825171be44ffbafeaa930ddf590d3f051e397143a5045513b01",
                "sha256:6a202458d1298ced3768f5a7d44301e7c86defac162ace0ab7434c2e961166e8",
                "sha256:6eb275c6385dd72594758cbe96c07cdb9bd6becf84235f4a594bdf21e3596c9d",
                "sha256:754728d65f1acc61e0f4df784456106e35afb7bf39cfe37227ab00436fb38676",
                "sha256:768efd082074bb203c934e83a61654ed4931ef02412c2fbdecea0cff7ecd0274",
                "sha256:772965f773757a6026dea111a15e6e2678fbd6216180f82a48a40b27de1ee2ab",
                "sha256:871d42623ae15eb0b0e9df65baeee6976b2e161d0ba93155411d58ff27483ad8",
                "sha256:88aafd445a233dbbf8a65a62bc3249a0acd0d81ab18f6feb461cc5a938610d24",
                "sha256:8c905a5186d77111f02144fab5b849ab524f1e876a1e75205cd1386a9be4b00a",
                "sha256:8cf829bd2e2956066dd4de43fd8ec881d87842a06708c035b37ef632930505a2",
                "sha256:92e650bd09b5dda929523b9f8e7f99b24deac61240ecc1a32aeba487afcd970f",
                "sha256:93641a51f89473837333b2f8100f3f89795295b858cd4c7d4a1f18e299dc0a4f",
                "sha256:94c7a8a9fc9383b52c410a2ec952521906d355d18fccc927fca52ab575ee8b93",
                "sha256:9f892d6a94ec5c7b785e548e42722e6f3a52f5f32a8461e82ac3e67a3bd073f1",
                "sha256:acb267b09a509c1df5a4ca04140da96016f40d2ed183cdc356d237286c971b51",
                "sha256:adac9700675cf99e3615eb6a0eb5e9f5a4143c7d42c05cea2e7f71c27a3d0846",
                "sha256:aff388be97ef2677ae185e72dc500d19ecaf31b698986800d3fc4f399a5e30a5",
                "sha256:b5009062d78a8c6890d50b4e53b0ddda31841b3935c1937e2ed8c1bda1c7fb9d",
                "sha256:b684c68077b84522b5c7eafc1dc735bfa5b341fb011d5552ebe0968e22ed641c",
                "sha256:b9e3e9e365991f8cc5f5edc1fd65b58b41d0514a6a7ad95ef5c7f34eb49b3d3e",
                "sha256:bd89acd1b8bb4f31b47072615d72e7f53a948d302b7c1d1455e42622de180eae",
                "sha256:bde99812f237f79eaf3f04ebffd74f6718bbd216101b35ac7955c2d47c17da02",
                "sha256:c6c321dd013e8fc20735b92cb4892c115f5cdb82c817b1e5b07f6b95d952b2f0",
                "sha256:ce6f2ba0edb7b0c1d8976565298ad2deba6f8064d2bebb6ffce2ca896eb35b0b",
                "sha256:d2257aaba9660f78c7b1d8fea963b68f3feffb1a9d5d05a18401ca9eb3e8d0a3",
                "sha256:d26b650b71fdc88065b7a21f8ace70175bcf3b5bdba5ea22df4bfd893e795a3b",
                "sha256:d6d32ff213aef0fd0bcf803bffe15cfa2d4fde237d1d4838e62aec242a8362fa",
                "sha256:e1e26ac0a253a2907d654a37e390904426d5ae5483150ce3adedb35c8c06614a",
                "sha256:e30b2f9683812eb30cf3f0a8e9f79f8d590a7999f731cf39f9105a7c4a39489d",
                "sha256:e84cb61b0ac40a0c3e0e8b79c575161c5300d1d89e13c0e02f76193982f066ed",
                "sha256:e982878792c971cbd60ee510c4ee5bf089a8246226dea1f2138aa0bb67aff148",
                "sha256:f20baa05eaa2bcd5404c445ec51aed1c268d62600362dc6cfe04fae34a424bd9",
                "sha256:f7353ba3367473d1d616ee727945f439e027f0bb16ac1a750219a8344d1d5d3c",
                "sha256:f96293d6f982c58ebebb428c50163d010c2f05de0cde99fd681bfdc18d4b2dc2",
                "sha256:ff9310f05b9d9c5c4dd472983dc956901ee6cb2c3ec1ab116ecdde25f3ce4951"
            ],
            "markers": "python_version >= '3.7'",
            "version": "==1.3.0"
        },
        "html5lib": {
            "hashes": [
                "sha256:0d78f8fde1c230e99fe37986a60526d7049ed4bf8a9fadbad5f00e22e58e041d",
                "sha256:b2e5b40261e20f354d198eae92afc10d750afb487ed5e50f9c4eaf07c184146f"
            ],
            "index": "pypi",
            "version": "==1.1"
        },
        "idna": {
            "hashes": [
                "sha256:84d9dd047ffa80596e0f246e2eab0b391788b0503584e8945f2368256d2735ff",
                "sha256:9d643ff0a55b762d5cdb124b8eaa99c66322e2157b69160bc32796e824360e6d"
            ],
            "markers": "python_version >= '3'",
            "version": "==3.3"
        },
        "isodate": {
            "hashes": [
                "sha256:2e364a3d5759479cdb2d37cce6b9376ea504db2ff90252a2e5b7cc89cc9ff2d8",
                "sha256:aa4d33c06640f5352aca96e4b81afd8ab3b47337cc12089822d6f322ac772c81"
            ],
            "index": "pypi",
            "version": "==0.6.0"
        },
        "json-home-client": {
            "hashes": [
                "sha256:fb65875711874a7c53f2d0c39b02629073127e4e33f102593bd7c00a55124ebe"
            ],
            "index": "pypi",
            "version": "==1.1.1"
        },
        "lxml": {
            "hashes": [
                "sha256:11ae552a78612620afd15625be9f1b82e3cc2e634f90d6b11709b10a100cba59",
                "sha256:121fc6f71c692b49af6c963b84ab7084402624ffbe605287da362f8af0668ea3",
                "sha256:124f09614f999551ac65e5b9875981ce4b66ac4b8e2ba9284572f741935df3d9",
                "sha256:12ae2339d32a2b15010972e1e2467345b7bf962e155671239fba74c229564b7f",
                "sha256:12d8d6fe3ddef629ac1349fa89a638b296a34b6529573f5055d1cb4e5245f73b",
                "sha256:1a2a7659b8eb93c6daee350a0d844994d49245a0f6c05c747f619386fb90ba04",
                "sha256:1ccbfe5d17835db906f2bab6f15b34194db1a5b07929cba3cf45a96dbfbfefc0",
                "sha256:2f77556266a8fe5428b8759fbfc4bd70be1d1d9c9b25d2a414f6a0c0b0f09120",
                "sha256:3534d7c468c044f6aef3c0aff541db2826986a29ea73f2ca831f5d5284d9b570",
                "sha256:3884476a90d415be79adfa4e0e393048630d0d5bcd5757c4c07d8b4b00a1096b",
                "sha256:3b95fb7e6f9c2f53db88f4642231fc2b8907d854e614710996a96f1f32018d5c",
                "sha256:46515773570a33eae13e451c8fcf440222ef24bd3b26f40774dd0bd8b6db15b2",
                "sha256:46f21f2600d001af10e847df9eb3b832e8a439f696c04891bcb8a8cedd859af9",
                "sha256:473701599665d874919d05bb33b56180447b3a9da8d52d6d9799f381ce23f95c",
                "sha256:4b9390bf973e3907d967b75be199cf1978ca8443183cf1e78ad80ad8be9cf242",
                "sha256:4f415624cf8b065796649a5e4621773dc5c9ea574a944c76a7f8a6d3d2906b41",
                "sha256:534032a5ceb34bba1da193b7d386ac575127cc39338379f39a164b10d97ade89",
                "sha256:558485218ee06458643b929765ac1eb04519ca3d1e2dcc288517de864c747c33",
                "sha256:57cf05466917e08f90e323f025b96f493f92c0344694f5702579ab4b7e2eb10d",
                "sha256:59d77bfa3bea13caee95bc0d3f1c518b15049b97dd61ea8b3d71ce677a67f808",
                "sha256:5d5254c815c186744c8f922e2ce861a2bdeabc06520b4b30b2f7d9767791ce6e",
                "sha256:5ea121cb66d7e5cb396b4c3ca90471252b94e01809805cfe3e4e44be2db3a99c",
                "sha256:60aeb14ff9022d2687ef98ce55f6342944c40d00916452bb90899a191802137a",
                "sha256:642eb4cabd997c9b949a994f9643cd8ae00cf4ca8c5cd9c273962296fadf1c44",
                "sha256:6548fc551de15f310dd0564751d9dc3d405278d45ea9b2b369ed1eccf142e1f5",
                "sha256:68a851176c931e2b3de6214347b767451243eeed3bea34c172127bbb5bf6c210",
                "sha256:6e84edecc3a82f90d44ddee2ee2a2630d4994b8471816e226d2b771cda7ac4ca",
                "sha256:73e8614258404b2689a26cb5d002512b8bc4dfa18aca86382f68f959aee9b0c8",
                "sha256:7679bb6e4d9a3978a46ab19a3560e8d2b7265ef3c88152e7fdc130d649789887",
                "sha256:76b6c296e4f7a1a8a128aec42d128646897f9ae9a700ef6839cdc9b3900db9b5",
                "sha256:7f00cc64b49d2ef19ddae898a3def9dd8fda9c3d27c8a174c2889ee757918e71",
                "sha256:8021eeff7fabde21b9858ed058a8250ad230cede91764d598c2466b0ba70db8b",
                "sha256:87f8f7df70b90fbe7b49969f07b347e3f978f8bd1046bb8ecae659921869202b",
                "sha256:916d457ad84e05b7db52700bad0a15c56e0c3000dcaf1263b2fb7a56fe148996",
                "sha256:925174cafb0f1179a7fd38da90302555d7445e34c9ece68019e53c946be7f542",
                "sha256:9801bcd52ac9c795a7d81ea67471a42cffe532e46cfb750cd5713befc5c019c0",
                "sha256:99cf827f5a783038eb313beee6533dddb8bdb086d7269c5c144c1c952d142ace",
                "sha256:a21b78af7e2e13bec6bea12fc33bc05730197674f3e5402ce214d07026ccfebd",
                "sha256:a52e8f317336a44836475e9c802f51c2dc38d612eaa76532cb1d17690338b63b",
                "sha256:a702005e447d712375433ed0499cb6e1503fadd6c96a47f51d707b4d37b76d3c",
                "sha256:a708c291900c40a7ecf23f1d2384ed0bc0604e24094dd13417c7e7f8f7a50d93",
                "sha256:a7790a273225b0c46e5f859c1327f0f659896cc72eaa537d23aa3ad9ff2a1cc1",
                "sha256:abcf7daa5ebcc89328326254f6dd6d566adb483d4d00178892afd386ab389de2",
                "sha256:add017c5bd6b9ec3a5f09248396b6ee2ce61c5621f087eb2269c813cd8813808",
                "sha256:af4139172ff0263d269abdcc641e944c9de4b5d660894a3ec7e9f9db63b56ac9",
                "sha256:b4015baed99d046c760f09a4c59d234d8f398a454380c3cf0b859aba97136090",
                "sha256:ba0006799f21d83c3717fe20e2707a10bbc296475155aadf4f5850f6659b96b9",
                "sha256:bdb98f4c9e8a1735efddfaa995b0c96559792da15d56b76428bdfc29f77c4cdb",
                "sha256:c34234a1bc9e466c104372af74d11a9f98338a3f72fae22b80485171a64e0144",
                "sha256:c580c2a61d8297a6e47f4d01f066517dbb019be98032880d19ece7f337a9401d",
                "sha256:ca9a40497f7e97a2a961c04fa8a6f23d790b0521350a8b455759d786b0bcb203",
                "sha256:cab343b265e38d4e00649cbbad9278b734c5715f9bcbb72c85a1f99b1a58e19a",
                "sha256:ce52aad32ec6e46d1a91ff8b8014a91538800dd533914bfc4a82f5018d971408",
                "sha256:da07c7e7fc9a3f40446b78c54dbba8bfd5c9100dfecb21b65bfe3f57844f5e71",
                "sha256:dc8a0dbb2a10ae8bb609584f5c504789f0f3d0d81840da4849102ec84289f952",
                "sha256:e5b4b0d9440046ead3bd425eb2b852499241ee0cef1ae151038e4f87ede888c4",
                "sha256:f33d8efb42e4fc2b31b3b4527940b25cdebb3026fb56a80c1c1c11a4271d2352",
                "sha256:f6befb83bca720b71d6bd6326a3b26e9496ae6649e26585de024890fe50f49b8",
                "sha256:fcc849b28f584ed1dbf277291ded5c32bb3476a37032df4a1d523b55faa5f944",
                "sha256:ff44de36772b05c2eb74f2b4b6d1ae29b8f41ed5506310ce1258d44826ee38c1"
            ],
            "index": "pypi",
            "version": "==4.6.5"
        },
        "multidict": {
            "hashes": [
                "sha256:0327292e745a880459ef71be14e709aaea2f783f3537588fb4ed09b6c01bca60",
                "sha256:041b81a5f6b38244b34dc18c7b6aba91f9cdaf854d9a39e5ff0b58e2b5773b9c",
                "sha256:0556a1d4ea2d949efe5fd76a09b4a82e3a4a30700553a6725535098d8d9fb672",
                "sha256:05f6949d6169878a03e607a21e3b862eaf8e356590e8bdae4227eedadacf6e51",
                "sha256:07a017cfa00c9890011628eab2503bee5872f27144936a52eaab449be5eaf032",
                "sha256:0b9e95a740109c6047602f4db4da9949e6c5945cefbad34a1299775ddc9a62e2",
                "sha256:19adcfc2a7197cdc3987044e3f415168fc5dc1f720c932eb1ef4f71a2067e08b",
                "sha256:19d9bad105dfb34eb539c97b132057a4e709919ec4dd883ece5838bcbf262b80",
                "sha256:225383a6603c086e6cef0f2f05564acb4f4d5f019a4e3e983f572b8530f70c88",
                "sha256:23b616fdc3c74c9fe01d76ce0d1ce872d2d396d8fa8e4899398ad64fb5aa214a",
                "sha256:2957489cba47c2539a8eb7ab32ff49101439ccf78eab724c828c1a54ff3ff98d",
                "sha256:2d36e929d7f6a16d4eb11b250719c39560dd70545356365b494249e2186bc389",
                "sha256:2e4a0785b84fb59e43c18a015ffc575ba93f7d1dbd272b4cdad9f5134b8a006c",
                "sha256:3368bf2398b0e0fcbf46d85795adc4c259299fec50c1416d0f77c0a843a3eed9",
                "sha256:373ba9d1d061c76462d74e7de1c0c8e267e9791ee8cfefcf6b0b2495762c370c",
                "sha256:4070613ea2227da2bfb2c35a6041e4371b0af6b0be57f424fe2318b42a748516",
                "sha256:45183c96ddf61bf96d2684d9fbaf6f3564d86b34cb125761f9a0ef9e36c1d55b",
                "sha256:4571f1beddff25f3e925eea34268422622963cd8dc395bb8778eb28418248e43",
                "sha256:47e6a7e923e9cada7c139531feac59448f1f47727a79076c0b1ee80274cd8eee",
                "sha256:47fbeedbf94bed6547d3aa632075d804867a352d86688c04e606971595460227",
                "sha256:497988d6b6ec6ed6f87030ec03280b696ca47dbf0648045e4e1d28b80346560d",
                "sha256:4bae31803d708f6f15fd98be6a6ac0b6958fcf68fda3c77a048a4f9073704aae",
                "sha256:50bd442726e288e884f7be9071016c15a8742eb689a593a0cac49ea093eef0a7",
                "sha256:514fe2b8d750d6cdb4712346a2c5084a80220821a3e91f3f71eec11cf8d28fd4",
                "sha256:5774d9218d77befa7b70d836004a768fb9aa4fdb53c97498f4d8d3f67bb9cfa9",
                "sha256:5fdda29a3c7e76a064f2477c9aab1ba96fd94e02e386f1e665bca1807fc5386f",
                "sha256:5ff3bd75f38e4c43f1f470f2df7a4d430b821c4ce22be384e1459cb57d6bb013",
                "sha256:626fe10ac87851f4cffecee161fc6f8f9853f0f6f1035b59337a51d29ff3b4f9",
                "sha256:6701bf8a5d03a43375909ac91b6980aea74b0f5402fbe9428fc3f6edf5d9677e",
                "sha256:684133b1e1fe91eda8fa7447f137c9490a064c6b7f392aa857bba83a28cfb693",
                "sha256:6f3cdef8a247d1eafa649085812f8a310e728bdf3900ff6c434eafb2d443b23a",
                "sha256:75bdf08716edde767b09e76829db8c1e5ca9d8bb0a8d4bd94ae1eafe3dac5e15",
                "sha256:7c40b7bbece294ae3a87c1bc2abff0ff9beef41d14188cda94ada7bcea99b0fb",
                "sha256:8004dca28e15b86d1b1372515f32eb6f814bdf6f00952699bdeb541691091f96",
                "sha256:8064b7c6f0af936a741ea1efd18690bacfbae4078c0c385d7c3f611d11f0cf87",
                "sha256:89171b2c769e03a953d5969b2f272efa931426355b6c0cb508022976a17fd376",
                "sha256:8cbf0132f3de7cc6c6ce00147cc78e6439ea736cee6bca4f068bcf892b0fd658",
                "sha256:9cc57c68cb9139c7cd6fc39f211b02198e69fb90ce4bc4a094cf5fe0d20fd8b0",
                "sha256:a007b1638e148c3cfb6bf0bdc4f82776cef0ac487191d093cdc316905e504071",
                "sha256:a2c34a93e1d2aa35fbf1485e5010337c72c6791407d03aa5f4eed920343dd360",
                "sha256:a45e1135cb07086833ce969555df39149680e5471c04dfd6a915abd2fc3f6dbc",
                "sha256:ac0e27844758d7177989ce406acc6a83c16ed4524ebc363c1f748cba184d89d3",
                "sha256:aef9cc3d9c7d63d924adac329c33835e0243b5052a6dfcbf7732a921c6e918ba",
                "sha256:b9d153e7f1f9ba0b23ad1568b3b9e17301e23b042c23870f9ee0522dc5cc79e8",
                "sha256:bfba7c6d5d7c9099ba21f84662b037a0ffd4a5e6b26ac07d19e423e6fdf965a9",
                "sha256:c207fff63adcdf5a485969131dc70e4b194327666b7e8a87a97fbc4fd80a53b2",
                "sha256:d0509e469d48940147e1235d994cd849a8f8195e0bca65f8f5439c56e17872a3",
                "sha256:d16cce709ebfadc91278a1c005e3c17dd5f71f5098bfae1035149785ea6e9c68",
                "sha256:d48b8ee1d4068561ce8033d2c344cf5232cb29ee1a0206a7b828c79cbc5982b8",
                "sha256:de989b195c3d636ba000ee4281cd03bb1234635b124bf4cd89eeee9ca8fcb09d",
                "sha256:e07c8e79d6e6fd37b42f3250dba122053fddb319e84b55dd3a8d6446e1a7ee49",
                "sha256:e2c2e459f7050aeb7c1b1276763364884595d47000c1cddb51764c0d8976e608",
                "sha256:e5b20e9599ba74391ca0cfbd7b328fcc20976823ba19bc573983a25b32e92b57",
                "sha256:e875b6086e325bab7e680e4316d667fc0e5e174bb5611eb16b3ea121c8951b86",
                "sha256:f4f052ee022928d34fe1f4d2bc743f32609fb79ed9c49a1710a5ad6b2198db20",
                "sha256:fcb91630817aa8b9bc4a74023e4198480587269c272c58b3279875ed7235c293",
                "sha256:fd9fc9c4849a07f3635ccffa895d57abce554b467d611a5009ba4f39b78a8849",
                "sha256:feba80698173761cddd814fa22e88b0661e98cb810f9f986c54aa34d281e4937",
                "sha256:feea820722e69451743a3d56ad74948b68bf456984d63c1a92e8347b7b88452d"
            ],
            "markers": "python_version >= '3.7'",
            "version": "==6.0.2"
        },
        "pillow": {
            "hashes": [
                "sha256:03b27b197deb4ee400ed57d8d4e572d2d8d80f825b6634daf6e2c18c3c6ccfa6",
                "sha256:0b281fcadbb688607ea6ece7649c5d59d4bbd574e90db6cd030e9e85bde9fecc",
                "sha256:0ebd8b9137630a7bbbff8c4b31e774ff05bbb90f7911d93ea2c9371e41039b52",
                "sha256:113723312215b25c22df1fdf0e2da7a3b9c357a7d24a93ebbe80bfda4f37a8d4",
                "sha256:2d16b6196fb7a54aff6b5e3ecd00f7c0bab1b56eee39214b2b223a9d938c50af",
                "sha256:2fd8053e1f8ff1844419842fd474fc359676b2e2a2b66b11cc59f4fa0a301315",
                "sha256:31b265496e603985fad54d52d11970383e317d11e18e856971bdbb86af7242a4",
                "sha256:3586e12d874ce2f1bc875a3ffba98732ebb12e18fb6d97be482bd62b56803281",
                "sha256:47f5cf60bcb9fbc46011f75c9b45a8b5ad077ca352a78185bd3e7f1d294b98bb",
                "sha256:490e52e99224858f154975db61c060686df8a6b3f0212a678e5d2e2ce24675c9",
                "sha256:500d397ddf4bbf2ca42e198399ac13e7841956c72645513e8ddf243b31ad2128",
                "sha256:52abae4c96b5da630a8b4247de5428f593465291e5b239f3f843a911a3cf0105",
                "sha256:6579f9ba84a3d4f1807c4aab4be06f373017fc65fff43498885ac50a9b47a553",
                "sha256:68e06f8b2248f6dc8b899c3e7ecf02c9f413aab622f4d6190df53a78b93d97a5",
                "sha256:6c5439bfb35a89cac50e81c751317faea647b9a3ec11c039900cd6915831064d",
                "sha256:72c3110228944019e5f27232296c5923398496b28be42535e3b2dc7297b6e8b6",
                "sha256:72f649d93d4cc4d8cf79c91ebc25137c358718ad75f99e99e043325ea7d56100",
                "sha256:7aaf07085c756f6cb1c692ee0d5a86c531703b6e8c9cae581b31b562c16b98ce",
                "sha256:80fe92813d208ce8aa7d76da878bdc84b90809f79ccbad2a288e9bcbeac1d9bd",
                "sha256:95545137fc56ce8c10de646074d242001a112a92de169986abd8c88c27566a05",
                "sha256:97b6d21771da41497b81652d44191489296555b761684f82b7b544c49989110f",
                "sha256:98cb63ca63cb61f594511c06218ab4394bf80388b3d66cd61d0b1f63ee0ea69f",
                "sha256:9f3b4522148586d35e78313db4db0df4b759ddd7649ef70002b6c3767d0fdeb7",
                "sha256:a09a9d4ec2b7887f7a088bbaacfd5c07160e746e3d47ec5e8050ae3b2a229e9f",
                "sha256:b5050d681bcf5c9f2570b93bee5d3ec8ae4cf23158812f91ed57f7126df91762",
                "sha256:bb47a548cea95b86494a26c89d153fd31122ed65255db5dcbc421a2d28eb3379",
                "sha256:bc462d24500ba707e9cbdef436c16e5c8cbf29908278af053008d9f689f56dee",
                "sha256:c2067b3bb0781f14059b112c9da5a91c80a600a97915b4f48b37f197895dd925",
                "sha256:d154ed971a4cc04b93a6d5b47f37948d1f621f25de3e8fa0c26b2d44f24e3e8f",
                "sha256:d5dcea1387331c905405b09cdbfb34611050cc52c865d71f2362f354faee1e9f",
                "sha256:ee6e2963e92762923956fe5d3479b1fdc3b76c83f290aad131a2f98c3df0593e",
                "sha256:fd0e5062f11cb3e730450a7d9f323f4051b532781026395c4323b8ad055523c4"
            ],
            "index": "pypi",
            "version": "==9.0.0"
        },
        "pygments": {
            "hashes": [
                "sha256:b8e67fe6af78f492b3c4b3e2970c0624cbf08beb1e493b2c99b9fa1b67a20380",
                "sha256:f398865f7eb6874156579fdf36bc840a03cab64d1cde9e93d68f46a425ec52c6"
            ],
            "index": "pypi",
            "version": "==2.10.0"
        },
        "requests": {
            "hashes": [
                "sha256:6c1246513ecd5ecd4528a0906f910e8f0f9c6b8ec72030dc9fd154dc1a6efd24",
                "sha256:b8aa58f8cf793ffd8782d3d8cb19e66ef36f7aba4353eec859e74678b01b07a7"
            ],
            "index": "pypi",
            "version": "==2.26.0"
        },
        "result": {
            "hashes": [
                "sha256:97dcc4b2c6b376713c8de1b49d583a272e05ea2cd45e7fd18a3e8be42fc9fa6f",
                "sha256:bd649435fbf457de32e5e941d63d787c21193b126d48c848458ddda1683de980"
            ],
            "index": "pypi",
            "version": "==0.7.0"
        },
        "sanitized-package": {
            "editable": true,
            "path": "."
        },
        "six": {
            "hashes": [
                "sha256:1e61c37477a1626458e36f7b1d82aa5c9b094fa4802892072e49de9c60c4c926",
                "sha256:8abb2f1d86890a2dfb989f9a77cfcfd3e47c2a354b01111771326f8aa26e0254"
            ],
            "markers": "python_version >= '2.7' and python_version not in '3.0, 3.1, 3.2, 3.3'",
            "version": "==1.16.0"
        },
        "tenacity": {
            "hashes": [
                "sha256:43242a20e3e73291a28bcbcacfd6e000b02d3857a9a9fff56b297a27afdc932f",
                "sha256:f78f4ea81b0fabc06728c11dc2a8c01277bfc5181b321a4770471902e3eb844a"
            ],
            "index": "pypi",
            "version": "==8.0.1"
        },
        "typing-extensions": {
            "hashes": [
                "sha256:4ca091dea149f945ec56afb48dae714f21e8692ef22a395223bcd328961b6a0e",
                "sha256:7f001e5ac290a0c0401508864c7ec868be4e701886d5b573a9528ed3973d9d3b"
            ],
            "markers": "python_version < '3.8'",
            "version": "==4.0.1"
        },
        "uri-template": {
            "hashes": [
                "sha256:1be2136c9fb0e2a41f22eca708202232be9cb74ea88ada7578c966a02c85dc72"
            ],
            "markers": "python_version >= '3.6'",
            "version": "==1.1.0"
        },
        "urllib3": {
            "hashes": [
                "sha256:000ca7f471a233c2251c6c7023ee85305721bfdf18621ebff4fd17a8653427ed",
                "sha256:0e7c33d9a63e7ddfcb86780aac87befc2fbddf46c58dbb487e0855f7ceec283c"
            ],
            "markers": "python_version >= '2.7' and python_version not in '3.0, 3.1, 3.2, 3.3, 3.4' and python_version < '4'",
            "version": "==1.26.8"
        },
        "webencodings": {
            "hashes": [
                "sha256:a0af1213f3c2226497a97e2b3aa01a7e4bee4f403f95be16fc9acd2947514a78",
                "sha256:b36a1c245f2d304965eb4e0a82848379241dc04b865afcc4aab16748587e1923"
            ],
            "version": "==0.5.1"
        },
        "widlparser": {
            "hashes": [
                "sha256:9b49aadf5461944d230aac73015932f2a3e4c1e53344cf367759cf19b701ea8a"
            ],
            "index": "pypi",
            "version": "==1.0.12"
        },
        "yarl": {
            "hashes": [
                "sha256:044daf3012e43d4b3538562da94a88fb12a6490652dbc29fb19adfa02cf72eac",
                "sha256:0cba38120db72123db7c58322fa69e3c0efa933040ffb586c3a87c063ec7cae8",
                "sha256:167ab7f64e409e9bdd99333fe8c67b5574a1f0495dcfd905bc7454e766729b9e",
                "sha256:1be4bbb3d27a4e9aa5f3df2ab61e3701ce8fcbd3e9846dbce7c033a7e8136746",
                "sha256:1ca56f002eaf7998b5fcf73b2421790da9d2586331805f38acd9997743114e98",
                "sha256:1d3d5ad8ea96bd6d643d80c7b8d5977b4e2fb1bab6c9da7322616fd26203d125",
                "sha256:1eb6480ef366d75b54c68164094a6a560c247370a68c02dddb11f20c4c6d3c9d",
                "sha256:1edc172dcca3f11b38a9d5c7505c83c1913c0addc99cd28e993efeaafdfaa18d",
                "sha256:211fcd65c58bf250fb994b53bc45a442ddc9f441f6fec53e65de8cba48ded986",
                "sha256:29e0656d5497733dcddc21797da5a2ab990c0cb9719f1f969e58a4abac66234d",
                "sha256:368bcf400247318382cc150aaa632582d0780b28ee6053cd80268c7e72796dec",
                "sha256:39d5493c5ecd75c8093fa7700a2fb5c94fe28c839c8e40144b7ab7ccba6938c8",
                "sha256:3abddf0b8e41445426d29f955b24aeecc83fa1072be1be4e0d194134a7d9baee",
                "sha256:3bf8cfe8856708ede6a73907bf0501f2dc4e104085e070a41f5d88e7faf237f3",
                "sha256:3ec1d9a0d7780416e657f1e405ba35ec1ba453a4f1511eb8b9fbab81cb8b3ce1",
                "sha256:45399b46d60c253327a460e99856752009fcee5f5d3c80b2f7c0cae1c38d56dd",
                "sha256:52690eb521d690ab041c3919666bea13ab9fbff80d615ec16fa81a297131276b",
                "sha256:534b047277a9a19d858cde163aba93f3e1677d5acd92f7d10ace419d478540de",
                "sha256:580c1f15500e137a8c37053e4cbf6058944d4c114701fa59944607505c2fe3a0",
                "sha256:59218fef177296451b23214c91ea3aba7858b4ae3306dde120224cfe0f7a6ee8",
                "sha256:5ba63585a89c9885f18331a55d25fe81dc2d82b71311ff8bd378fc8004202ff6",
                "sha256:5bb7d54b8f61ba6eee541fba4b83d22b8a046b4ef4d8eb7f15a7e35db2e1e245",
                "sha256:6152224d0a1eb254f97df3997d79dadd8bb2c1a02ef283dbb34b97d4f8492d23",
                "sha256:67e94028817defe5e705079b10a8438b8cb56e7115fa01640e9c0bb3edf67332",
                "sha256:695ba021a9e04418507fa930d5f0704edbce47076bdcfeeaba1c83683e5649d1",
                "sha256:6a1a9fe17621af43e9b9fcea8bd088ba682c8192d744b386ee3c47b56eaabb2c",
                "sha256:6ab0c3274d0a846840bf6c27d2c60ba771a12e4d7586bf550eefc2df0b56b3b4",
                "sha256:6feca8b6bfb9eef6ee057628e71e1734caf520a907b6ec0d62839e8293e945c0",
                "sha256:737e401cd0c493f7e3dd4db72aca11cfe069531c9761b8ea474926936b3c57c8",
                "sha256:788713c2896f426a4e166b11f4ec538b5736294ebf7d5f654ae445fd44270832",
                "sha256:797c2c412b04403d2da075fb93c123df35239cd7b4cc4e0cd9e5839b73f52c58",
                "sha256:8300401dc88cad23f5b4e4c1226f44a5aa696436a4026e456fe0e5d2f7f486e6",
                "sha256:87f6e082bce21464857ba58b569370e7b547d239ca22248be68ea5d6b51464a1",
                "sha256:89ccbf58e6a0ab89d487c92a490cb5660d06c3a47ca08872859672f9c511fc52",
                "sha256:8b0915ee85150963a9504c10de4e4729ae700af11df0dc5550e6587ed7891e92",
                "sha256:8cce6f9fa3df25f55521fbb5c7e4a736683148bcc0c75b21863789e5185f9185",
                "sha256:95a1873b6c0dd1c437fb3bb4a4aaa699a48c218ac7ca1e74b0bee0ab16c7d60d",
                "sha256:9b4c77d92d56a4c5027572752aa35082e40c561eec776048330d2907aead891d",
                "sha256:9bfcd43c65fbb339dc7086b5315750efa42a34eefad0256ba114cd8ad3896f4b",
                "sha256:9c1f083e7e71b2dd01f7cd7434a5f88c15213194df38bc29b388ccdf1492b739",
                "sha256:a1d0894f238763717bdcfea74558c94e3bc34aeacd3351d769460c1a586a8b05",
                "sha256:a467a431a0817a292121c13cbe637348b546e6ef47ca14a790aa2fa8cc93df63",
                "sha256:aa32aaa97d8b2ed4e54dc65d241a0da1c627454950f7d7b1f95b13985afd6c5d",
                "sha256:ac10bbac36cd89eac19f4e51c032ba6b412b3892b685076f4acd2de18ca990aa",
                "sha256:ac35ccde589ab6a1870a484ed136d49a26bcd06b6a1c6397b1967ca13ceb3913",
                "sha256:bab827163113177aee910adb1f48ff7af31ee0289f434f7e22d10baf624a6dfe",
                "sha256:baf81561f2972fb895e7844882898bda1eef4b07b5b385bcd308d2098f1a767b",
                "sha256:bf19725fec28452474d9887a128e98dd67eee7b7d52e932e6949c532d820dc3b",
                "sha256:c01a89a44bb672c38f42b49cdb0ad667b116d731b3f4c896f72302ff77d71656",
                "sha256:c0910c6b6c31359d2f6184828888c983d54d09d581a4a23547a35f1d0b9484b1",
                "sha256:c10ea1e80a697cf7d80d1ed414b5cb8f1eec07d618f54637067ae3c0334133c4",
                "sha256:c1164a2eac148d85bbdd23e07dfcc930f2e633220f3eb3c3e2a25f6148c2819e",
                "sha256:c145ab54702334c42237a6c6c4cc08703b6aa9b94e2f227ceb3d477d20c36c63",
                "sha256:c17965ff3706beedafd458c452bf15bac693ecd146a60a06a214614dc097a271",
                "sha256:c19324a1c5399b602f3b6e7db9478e5b1adf5cf58901996fc973fe4fccd73eed",
                "sha256:c2a1ac41a6aa980db03d098a5531f13985edcb451bcd9d00670b03129922cd0d",
                "sha256:c6ddcd80d79c96eb19c354d9dca95291589c5954099836b7c8d29278a7ec0bda",
                "sha256:c9c6d927e098c2d360695f2e9d38870b2e92e0919be07dbe339aefa32a090265",
                "sha256:cc8b7a7254c0fc3187d43d6cb54b5032d2365efd1df0cd1749c0c4df5f0ad45f",
                "sha256:cff3ba513db55cc6a35076f32c4cdc27032bd075c9faef31fec749e64b45d26c",
                "sha256:d260d4dc495c05d6600264a197d9d6f7fc9347f21d2594926202fd08cf89a8ba",
                "sha256:d6f3d62e16c10e88d2168ba2d065aa374e3c538998ed04996cd373ff2036d64c",
                "sha256:da6df107b9ccfe52d3a48165e48d72db0eca3e3029b5b8cb4fe6ee3cb870ba8b",
                "sha256:dfe4b95b7e00c6635a72e2d00b478e8a28bfb122dc76349a06e20792eb53a523",
                "sha256:e39378894ee6ae9f555ae2de332d513a5763276a9265f8e7cbaeb1b1ee74623a",
                "sha256:ede3b46cdb719c794427dcce9d8beb4abe8b9aa1e97526cc20de9bd6583ad1ef",
                "sha256:f2a8508f7350512434e41065684076f640ecce176d262a7d54f0da41d99c5a95",
                "sha256:f44477ae29025d8ea87ec308539f95963ffdc31a82f42ca9deecf2d505242e72",
                "sha256:f64394bd7ceef1237cc604b5a89bf748c95982a84bcd3c4bbeb40f685c810794",
                "sha256:fc4dd8b01a8112809e6b636b00f487846956402834a7fd59d46d4f4267181c41",
                "sha256:fce78593346c014d0d986b7ebc80d782b7f5e19843ca798ed62f8e3ba8728576",
                "sha256:fd547ec596d90c8676e369dd8a581a21227fe9b4ad37d0dc7feb4ccf544c2d59"
            ],
            "markers": "python_version >= '3.6'",
            "version": "==1.7.2"
        }
    },
    "develop": {}
}
